{
  "projects": [
    {
      "projectId": "tXtxfUL95PU6ZxWcFtpsj",
      "version": "latest",
      "dependencies": {},
      "lang": "ts",
      "fileLocks": [
        {
          "type": "globalVariant",
          "assetId": "ssck4n6jFFWZ",
          "checksum": "e56d1ce9073099bbd83456d5db91022e"
        },
        {
          "type": "renderModule",
          "assetId": "STNY5B6ToE7",
          "checksum": "5ce04463d50c7204d59006b5d88b723e"
        },
        {
          "type": "cssRules",
          "assetId": "STNY5B6ToE7",
          "checksum": "5ce04463d50c7204d59006b5d88b723e"
        },
        {
          "type": "renderModule",
          "assetId": "Kw25oLZaMx3",
          "checksum": "39e6062db24c438e99cadcaa43f6f4d3"
        },
        {
          "type": "cssRules",
          "assetId": "Kw25oLZaMx3",
          "checksum": "39e6062db24c438e99cadcaa43f6f4d3"
        },
        {
          "type": "renderModule",
          "assetId": "Q-5iAFzkJ6TL",
          "checksum": "49d2f03e2b0c5e49e8b2d45e8a18f83d"
        },
        {
          "type": "cssRules",
          "assetId": "Q-5iAFzkJ6TL",
          "checksum": "49d2f03e2b0c5e49e8b2d45e8a18f83d"
        },
        {
          "type": "renderModule",
          "assetId": "r-Q4nz0OELxu",
          "checksum": "ce3eb305d9981b5d9cafa4320830fbe3"
        },
        {
          "type": "cssRules",
          "assetId": "r-Q4nz0OELxu",
          "checksum": "ce3eb305d9981b5d9cafa4320830fbe3"
        },
        {
          "type": "renderModule",
          "assetId": "mMfpdSZguarx",
          "checksum": "406510bad8be7151d98228991a4c8900"
        },
        {
          "type": "cssRules",
          "assetId": "mMfpdSZguarx",
          "checksum": "406510bad8be7151d98228991a4c8900"
        },
        {
          "type": "renderModule",
          "assetId": "WunYD34zulRt",
          "checksum": "4b0d97cb73670f72b2d049af3ccf22e1"
        },
        {
          "type": "cssRules",
          "assetId": "WunYD34zulRt",
          "checksum": "4b0d97cb73670f72b2d049af3ccf22e1"
        },
        {
          "type": "renderModule",
          "assetId": "BjOUYhoMAIAL",
          "checksum": "75b1122115a5ffc7a342071bf79cb815"
        },
        {
          "type": "cssRules",
          "assetId": "BjOUYhoMAIAL",
          "checksum": "75b1122115a5ffc7a342071bf79cb815"
        },
        {
          "type": "renderModule",
          "assetId": "upJGYFxFWp8T",
          "checksum": "9fbdfbf94aad839b4edb9ad79e7e8044"
        },
        {
          "type": "cssRules",
          "assetId": "upJGYFxFWp8T",
          "checksum": "9fbdfbf94aad839b4edb9ad79e7e8044"
        },
        {
          "type": "renderModule",
          "assetId": "eRqh1eQb-6HI",
          "checksum": "67caceac04b62a694741001eb2d15537"
        },
        {
          "type": "cssRules",
          "assetId": "eRqh1eQb-6HI",
          "checksum": "67caceac04b62a694741001eb2d15537"
        },
        {
          "type": "icon",
          "assetId": "C3UjrcN8V9KZ",
          "checksum": "e5997d5a497c1f12b5c2bd7ae4433712"
        },
        {
          "type": "icon",
          "assetId": "Wbe9LuzPJUbt",
          "checksum": "15133b8b11993b7003ee19a32e38775e"
        },
        {
          "type": "icon",
          "assetId": "Jc92eBYScYsw",
          "checksum": "496da964a54df82f70525b6ac86ddfcf"
        },
        {
          "type": "icon",
          "assetId": "RZb7wkMn2jlD",
          "checksum": "9dda828724d75790a79f61e1b6d6d20b"
        },
        {
          "type": "icon",
          "assetId": "COZwEd-MAsyv",
          "checksum": "1671e39d2019822f0db311758c5da891"
        },
        {
          "type": "icon",
          "assetId": "q_S1JIUrFDmI",
          "checksum": "cd048d3862e2bcb4a38c804135ba31e5"
        },
        {
          "type": "icon",
          "assetId": "9BNmaGWGKj8r",
          "checksum": "0d8c9f89f83c425683467b97ca3861a1"
        },
        {
          "type": "icon",
          "assetId": "yFfAMQTyDJaU",
          "checksum": "3f70428c645a792691f37d5244d98560"
        },
        {
          "type": "icon",
          "assetId": "oV-4BVyGsjQl",
          "checksum": "ab501a2efa840a0577cfdfae14dd5e94"
        },
        {
          "type": "icon",
          "assetId": "SOejo4YbRqu8",
          "checksum": "d9ee7af7c694239c166eb07d93d04d55"
        },
        {
          "type": "icon",
          "assetId": "ubgnmAR4WUyk",
          "checksum": "c942a1a292812b781807b01a59348eff"
        },
        {
          "type": "icon",
          "assetId": "Pu_loKsJ5JTI",
          "checksum": "21a2a061a46ba23b55b84424ef8f03ae"
        },
        {
          "type": "icon",
          "assetId": "JUT3QssdkJTt",
          "checksum": "dc2964d4959ad7c3db51e42b1ea97441"
        },
        {
          "type": "icon",
          "assetId": "w4ZgdTyN-svh",
          "checksum": "c966876bcaaab7c935282fb977490327"
        },
        {
          "type": "icon",
          "assetId": "-58QEFr-4_PC",
          "checksum": "591c9d648da49ebb0143dd9f06ceb1ce"
        },
        {
          "type": "icon",
          "assetId": "KUGjYiSrvc3X",
          "checksum": "28bc9b0c83ed4d3525f3dc6810c82b18"
        },
        {
          "type": "icon",
          "assetId": "8YoCBbS6UFk9",
          "checksum": "2411990c0910a7ad7ac3683dcf78c3de"
        },
        {
          "type": "icon",
          "assetId": "bW6mT44oKghZ",
          "checksum": "be0f70c23017f4bc1b01c94cfd4e6d74"
        },
        {
          "type": "icon",
          "assetId": "dm-NNlG2qyV4",
          "checksum": "9f895d5487ac21d1cc308b1343a66f66"
        },
        {
          "type": "icon",
          "assetId": "nvD_7SSA81fF",
          "checksum": "a876cec7163bf186b1ede41d71fa5f6f"
        },
        {
          "type": "icon",
          "assetId": "JxPzZnoxptD1",
          "checksum": "4b25297952acc426ebbb32c147df7a8f"
        },
        {
          "type": "icon",
          "assetId": "sJc-UBZ2fYW-",
          "checksum": "2574a72f3f303b55269080b001e47aec"
        },
        {
          "type": "icon",
          "assetId": "w2TQpvra_Nu6",
          "checksum": "8dce41ab8b8b161118b29702747a8a26"
        },
        {
          "type": "icon",
          "assetId": "OnBuCrEPK8Rq",
          "checksum": "7fc6459fce287786b840acad73a1d654"
        },
        {
          "type": "icon",
          "assetId": "XhMaiKa9COze",
          "checksum": "218536eddfa74446220342eede2b1002"
        },
        {
          "type": "icon",
          "assetId": "gVYcjJBPlD4E",
          "checksum": "aa741026824fb74fbe00bb4202804abd"
        },
        {
          "type": "icon",
          "assetId": "kQEpsncrRMWj",
          "checksum": "23625e01249724e6c09beb4579d511e7"
        },
        {
          "type": "icon",
          "assetId": "fKVInPMYhlh-",
          "checksum": "bd6849024857947206e89aa641d4c6af"
        },
        {
          "type": "icon",
          "assetId": "8qjhSLA5Q0Eg",
          "checksum": "88d3163aa0305dec3e282762c18e46f3"
        },
        {
          "type": "icon",
          "assetId": "K-KDszTh355b",
          "checksum": "c7049e0aabe1af66bdb1e5df5a18b45e"
        },
        {
          "type": "icon",
          "assetId": "JFjyuoC_pTUp",
          "checksum": "1aad9226a7889526de021ce1837e7709"
        },
        {
          "type": "icon",
          "assetId": "DiibcFprWh4F",
          "checksum": "ac440d225d4d00475ee4d04807302bc3"
        },
        {
          "type": "icon",
          "assetId": "oCrWwp5FwYyD",
          "checksum": "03249476c693873e7552c9070079d6c1"
        },
        {
          "type": "icon",
          "assetId": "ZkdN3HP0Bh_S",
          "checksum": "3ce489faaadf50e9287e3bfa83a76474"
        },
        {
          "type": "image",
          "assetId": "SMIiWC8_qx1i",
          "checksum": "408957984c869ec8662cca33bc3a15e0"
        },
        {
          "type": "image",
          "assetId": "o9wWnZiI17kX",
          "checksum": "64615d348ae18a9e6ef2ce9f3c92831c"
        },
        {
          "type": "image",
          "assetId": "Og6_Eql8W_qQ",
          "checksum": "982afe256912de7190f7a2a98847563e"
        },
        {
          "type": "image",
          "assetId": "jpydQEJcGNiT",
          "checksum": "129b73054a0bb9c926c9e129110f39e4"
        },
        {
          "type": "image",
          "assetId": "GokHhYNOqhns",
          "checksum": "5a9a2b7775a584831da0b6ce1e948ec9"
        },
        {
          "type": "image",
          "assetId": "q0qUnpS4Y8tX",
          "checksum": "4accccef322012e2c0c4ae547cba3f6e"
        },
        {
          "type": "image",
          "assetId": "XXxyPtkMlviH",
          "checksum": "e951fa036b153bed6e412047d42bf265"
        },
        {
          "type": "image",
          "assetId": "VCgo9Ie7zGNl",
          "checksum": "92b4c278ca5fccd44e8e42f0c9f8a67d"
        },
        {
          "type": "image",
          "assetId": "N-7lMzRTQ8oO",
          "checksum": "76f48fa29d7ffecc1a322d46f4271885"
        },
        {
          "type": "image",
          "assetId": "tOu2GxqNNSRI",
          "checksum": "898ee94e1fccb58b6cb05bb4bb0724f3"
        },
        {
          "type": "image",
          "assetId": "0B2Gmbxwy2Cv",
          "checksum": "2ba52046dd6035a56269f3fbbe0864cb"
        },
        {
          "assetId": "tXtxfUL95PU6ZxWcFtpsj",
          "type": "projectCss",
          "checksum": "86fec295950a8df1db25803f4c7bdf76"
        }
      ],
      "codegenVersion": "0.0.1"
    }
  ],
  "cliVersion": "0.1.183"
}
